
Microsoft Visual Studio Solution File, Format Version 12.00
# Visual Studio 2013
VisualStudioVersion = 12.0.21005.1
MinimumVisualStudioVersion = 10.0.40219.1
Project("{FAE04EC0-301F-11D3-BF4B-00C04F79EFBC}") = "Amido.Testing.Specflow.Api", "Amido.Testing.Specflow.Api\Amido.Testing.Specflow.Api.csproj", "{5C974D56-B0EE-4D74-A1EC-A0A5A3A8BF50}"
EndProject
Project("{FAE04EC0-301F-11D3-BF4B-00C04F79EFBC}") = "Amido.Testing.Specflow.Api.Tests", "Amido.Testing.Specflow.Api.Tests\Amido.Testing.Specflow.Api.Tests.csproj", "{9198E756-302D-4F0F-8678-82486622B46B}"
EndProject
Global
	GlobalSection(SolutionConfigurationPlatforms) = preSolution
		Debug|Any CPU = Debug|Any CPU
		Release|Any CPU = Release|Any CPU
	EndGlobalSection
	GlobalSection(ProjectConfigurationPlatforms) = postSolution
		{5C974D56-B0EE-4D74-A1EC-A0A5A3A8BF50}.Debug|Any CPU.ActiveCfg = Debug|Any CPU
		{5C974D56-B0EE-4D74-A1EC-A0A5A3A8BF50}.Debug|Any CPU.Build.0 = Debug|Any CPU
		{5C974D56-B0EE-4D74-A1EC-A0A5A3A8BF50}.Release|Any CPU.ActiveCfg = Release|Any CPU
		{5C974D56-B0EE-4D74-A1EC-A0A5A3A8BF50}.Release|Any CPU.Build.0 = Release|Any CPU
		{9198E756-302D-4F0F-8678-82486622B46B}.Debug|Any CPU.ActiveCfg = Debug|Any CPU
		{9198E756-302D-4F0F-8678-82486622B46B}.Debug|Any CPU.Build.0 = Debug|Any CPU
		{9198E756-302D-4F0F-8678-82486622B46B}.Release|Any CPU.ActiveCfg = Release|Any CPU
		{9198E756-302D-4F0F-8678-82486622B46B}.Release|Any CPU.Build.0 = Release|Any CPU
	EndGlobalSection
	GlobalSection(SolutionProperties) = preSolution
		HideSolutionNode = FALSE
	EndGlobalSection
EndGlobal
